{
  "lockfileVersion": 1,
  "workspaces": {
    "": {
      "name": "main",
      "dependencies": {
        "@types/minimist": "^1.2.5",
        "hot-memo": "^1.1.1",
        "minimist": "^1.2.8",
        "phpdie": "^1.7.0",
        "yaml": "^2.8.0",
      },
      "devDependencies": {
        "@types/bun": "latest",
      },
      "peerDependencies": {
        "typescript": "^5",
      },
    },
  },
  "packages": {
    "@types/bun": ["@types/bun@1.2.5", "", { "dependencies": { "bun-types": "1.2.5" } }, "sha512-w2OZTzrZTVtbnJew1pdFmgV99H0/L+Pvw+z1P67HaR18MHOzYnTYOi6qzErhK8HyT+DB782ADVPPE92Xu2/Opg=="],

    "@types/minimist": ["@types/minimist@1.2.5", "", {}, "sha512-hov8bUuiLiyFPGyFPE1lwWhmzYbirOXQNNo40+y3zow8aFVTeyn3VWL0VFFfdNddA8S4Vf0Tc062rzyNr7Paag=="],

    "@types/node": ["@types/node@22.13.10", "", { "dependencies": { "undici-types": "~6.20.0" } }, "sha512-I6LPUvlRH+O6VRUqYOcMudhaIdUVWfsjnZavnsraHvpBwaEyMN29ry+0UVJhImYL16xsscu0aske3yA+uPOWfw=="],

    "@types/ws": ["@types/ws@8.5.14", "", { "dependencies": { "@types/node": "*" } }, "sha512-bd/YFLW+URhBzMXurx7lWByOu+xzU9+kb3RboOteXYDfW+tr+JZa99OyNmPINEGB/ahzKrEuc8rcv4gnpJmxTw=="],

    "bun-types": ["bun-types@1.2.5", "", { "dependencies": { "@types/node": "*", "@types/ws": "~8.5.10" } }, "sha512-3oO6LVGGRRKI4kHINx5PIdIgnLRb7l/SprhzqXapmoYkFl5m4j6EvALvbDVuuBFaamB46Ap6HCUxIXNLCGy+tg=="],

    "expect-type": ["expect-type@0.19.0", "", {}, "sha512-piv9wz3IrAG4Wnk2A+n2VRCHieAyOSxrRLU872Xo6nyn39kYXKDALk4OcqnvLRnFvkz659CnWC8MWZLuuQnoqg=="],

    "hot-memo": ["hot-memo@1.1.1", "", { "peerDependencies": { "typescript": "^5.8.3" } }, "sha512-8TULZu9TwNkwn/RONYrb08ieJC4saLgrpZg6XJi/H/tXONKFfXraMx7I+D8+FCcF77EYInlSYNn2jMVl9p/Uvg=="],

    "minimist": ["minimist@1.2.8", "", {}, "sha512-2yyAR8qBkN3YuheJanUpWC5U3bb5osDywNB8RzDVlDwDHbocAJveqqj1u8+SVD7jkWT4yvsHCpWqqWqAxb0zCA=="],

    "phpdie": ["phpdie@1.7.0", "", { "dependencies": { "expect-type": "^0.19.0" }, "peerDependencies": { "typescript": "^5.0.0" } }, "sha512-zAis+cJYa/Lsin8drDGQsg6Oplp8o+cDRFP00dG1lE6ncR/Ftk2hU025r6/GT0tXg5b5KAM7cwNoZGRuuwTF4Q=="],

    "typescript": ["typescript@5.8.2", "", { "bin": { "tsc": "bin/tsc", "tsserver": "bin/tsserver" } }, "sha512-aJn6wq13/afZp/jT9QZmwEjDqqvSGp1VT5GVg+f/t6/oVyrgXM6BY1h9BRh/O5p3PlUPAe+WuiEZOmb/49RqoQ=="],

    "undici-types": ["undici-types@6.20.0", "", {}, "sha512-Ny6QZ2Nju20vw1SRHe3d9jVu6gJ+4e3+MMpqu7pqE5HT6WsTSlce++GQmK5UXS8mzV8DSYHrQH+Xrf2jVcuKNg=="],

    "yaml": ["yaml@2.8.0", "", { "bin": { "yaml": "bin.mjs" } }, "sha512-4lLa/EcQCB0cJkyts+FpIRx5G/llPxfP6VQU5KByHEhLxY3IJCH0f0Hy1MHI8sClTvsIb8qwRJ6R/ZdlDJ/leQ=="],
  }
}
